
Microsoft Visual Studio Solution File, Format Version 12.00
# Visual Studio Version 16
VisualStudioVersion = 25.0.1700.0
MinimumVisualStudioVersion = 10.0.40219.1
Project("{FAE04EC0-301F-11D3-BF4B-00C04F79EFBC}") = "MernGen", "MernGen\MernGen.csproj", "{244D12F6-FFB7-4DC3-B133-22F9D6BAA1CA}"
EndProject
Global
	GlobalSection(SolutionConfigurationPlatforms) = preSolution
		Debug|Any CPU = Debug|Any CPU
		Release|Any CPU = Release|Any CPU
	EndGlobalSection
	GlobalSection(ProjectConfigurationPlatforms) = postSolution
		{244D12F6-FFB7-4DC3-B133-22F9D6BAA1CA}.Debug|Any CPU.ActiveCfg = Debug|Any CPU
		{244D12F6-FFB7-4DC3-B133-22F9D6BAA1CA}.Debug|Any CPU.Build.0 = Debug|Any CPU
		{244D12F6-FFB7-4DC3-B133-22F9D6BAA1CA}.Release|Any CPU.ActiveCfg = Release|Any CPU
		{244D12F6-FFB7-4DC3-B133-22F9D6BAA1CA}.Release|Any CPU.Build.0 = Release|Any CPU
	EndGlobalSection
	GlobalSection(SolutionProperties) = preSolution
		HideSolutionNode = FALSE
	EndGlobalSection
	GlobalSection(ExtensibilityGlobals) = postSolution
		SolutionGuid = {409497BB-5143-4EAE-81C5-ADB46A6DE436}
	EndGlobalSection
EndGlobal
